# THIS IS AN AUTOGENERATED FILE. DO NOT EDIT THIS FILE DIRECTLY.
# yarn lockfile v1


"@babel/helper-validator-identifier@^7.15.7":
  version "7.15.7"
  resolved "https://registry.npmjs.org/@babel/helper-validator-identifier/-/helper-validator-identifier-7.15.7.tgz#220df993bfe904a4a6b02ab4f3385a5ebf6e2389"
  integrity sha512-K4JvCtQqad9OY2+yTU8w+E82ywk/fe+ELNlt1G8z3bVGlZfn/hOcQQsUhGhW/N+tb3fxK800wLtKOE/aM0m72w==

"@babel/parser@^7.15.0", "@babel/parser@^7.6.0", "@babel/parser@^7.9.6":
  version "7.16.4"
  resolved "https://registry.npmjs.org/@babel/parser/-/parser-7.16.4.tgz#d5f92f57cf2c74ffe9b37981c0e72fee7311372e"
  integrity sha512-6V0qdPUaiVHH3RtZeLIsc+6pDhbYzHR8ogA8w+f+Wc77DuXto19g2QUwveINoS34Uw+W8/hQDGJCx+i4n7xcng==

"@babel/types@^7.6.1", "@babel/types@^7.9.6":
  version "7.16.0"
  resolved "https://registry.npmjs.org/@babel/types/-/types-7.16.0.tgz#db3b313804f96aadd0b776c4823e127ad67289ba"
  integrity sha512-PJgg/k3SdLsGb3hhisFvtLOw5ts113klrpLuIPtCJIU+BB24fqq6lf8RWqKJEjzqXR9AEH1rIb5XTqwBHB+kQg==
  dependencies:
    "@babel/helper-validator-identifier" "^7.15.7"
    to-fast-properties "^2.0.0"

"@emmetio/abbreviation@^2.2.2":
  version "2.2.2"
  resolved "https://registry.npmjs.org/@emmetio/abbreviation/-/abbreviation-2.2.2.tgz#746762fd9e7a8c2ea604f580c62e3cfe250e6989"
  integrity sha512-TtE/dBnkTCct8+LntkqVrwqQao6EnPAs1YN3cUgxOxTaBlesBCY37ROUAVZrRlG64GNnVShdl/b70RfAI3w5lw==
  dependencies:
    "@emmetio/scanner" "^1.0.0"

"@emmetio/css-abbreviation@^2.1.4":
  version "2.1.4"
  resolved "https://registry.npmjs.org/@emmetio/css-abbreviation/-/css-abbreviation-2.1.4.tgz#90362e8a1122ce3b76f6c3157907d30182f53f54"
  integrity sha512-qk9L60Y+uRtM5CPbB0y+QNl/1XKE09mSO+AhhSauIfr2YOx/ta3NJw2d8RtCFxgzHeRqFRr8jgyzThbu+MZ4Uw==
  dependencies:
    "@emmetio/scanner" "^1.0.0"

"@emmetio/scanner@^1.0.0":
  version "1.0.0"
  resolved "https://registry.npmjs.org/@emmetio/scanner/-/scanner-1.0.0.tgz#065b2af6233fe7474d44823e3deb89724af42b5f"
  integrity sha512-8HqW8EVqjnCmWXVpqAOZf+EGESdkR27odcMMMGefgKXtar00SoYNSryGv//TELI4T3QFsECo78p+0lmalk/CFA==

"@types/streamsaver@^2.0.1":
  version "2.0.1"
  resolved "https://registry.npmjs.org/@types/streamsaver/-/streamsaver-2.0.1.tgz#fa5e5b891d1b282be3078c232a30ee004b8e0be0"
  integrity sha512-I49NtT8w6syBI3Zg3ixCyygTHoTVMY0z2TMRcTgccdIsVd2MwlKk7ITLHLsJtgchUHcOd7QEARG9h0ifcA6l2Q==

"@vitejs/plugin-vue@^1.9.3":
  version "1.9.4"
  resolved "https://registry.npmjs.org/@vitejs/plugin-vue/-/plugin-vue-1.9.4.tgz#4f48485432cbb986a9fb9d254dc33ce30ddccbfa"
  integrity sha512-0CZqaCoChriPTTtGkERy1LGPcYjGFpi2uYRhBPIkqJqUGV5JnJFhQAgh6oH9j5XZHfrRaisX8W0xSpO4T7S78A==

"@volar/code-gen@^0.27.24":
  version "0.27.24"
  resolved "https://registry.npmjs.org/@volar/code-gen/-/code-gen-0.27.24.tgz#ccdbe858951c1ee4e0c3979232d52412dc46756a"
  integrity sha512-s4j/QqOZUW03PeD6LmVYI00Q1C3CfJEOePDOQwDvCTUov4lFk0iSBtFyYhjlLyQ1pdtV1+TDTErkj2aMQtc4PA==
  dependencies:
    "@volar/shared" "^0.27.24"
    "@volar/source-map" "^0.27.24"

"@volar/html2pug@^0.27.13":
  version "0.27.13"
  resolved "https://registry.npmjs.org/@volar/html2pug/-/html2pug-0.27.13.tgz#48dfa73ecf1ef1955a02a046d0c88845950fac85"
  integrity sha512-3NYgNA5F3PDsKbbpOrVdGy2S7ZYmZIbFmbp1A/27DDzjj/uIC9Pj7HXVvbYOzi8HcOxUPt0BMrh4TVzBUaCFww==
  dependencies:
    domelementtype "^2.2.0"
    domhandler "^4.2.0"
    htmlparser2 "^6.1.0"
    pug "^3.0.2"

"@volar/shared@^0.27.24":
  version "0.27.24"
  resolved "https://registry.npmjs.org/@volar/shared/-/shared-0.27.24.tgz#a33457ec8ac0b0d367ed54c9e21913a5f8c2d6c2"
  integrity sha512-Mi8a4GQaiorfb+o4EqOXDZm9E/uBJXgScFgF+NhtcMBOUKHNMKQyLI7YRGumtyJTTdaX7nSDJjGGTkv23tcOtQ==
  dependencies:
    upath "^2.0.1"
    vscode-jsonrpc "^8.0.0-next.2"
    vscode-uri "^3.0.2"

"@volar/source-map@^0.27.24":
  version "0.27.24"
  resolved "https://registry.npmjs.org/@volar/source-map/-/source-map-0.27.24.tgz#60f2e070c169be82cbf7ffa296a30c2823c5205f"
  integrity sha512-2I5a7cXqekZ66D6lHep7ttJgvVVtPEBUIe1hnpcGbnXWNA2ya6f6jKNNyTmrXQyfkh32IEuaUd4kocR+3AKMag==
  dependencies:
    "@volar/shared" "^0.27.24"

"@volar/transforms@^0.27.24":
  version "0.27.24"
  resolved "https://registry.npmjs.org/@volar/transforms/-/transforms-0.27.24.tgz#68ebc53dca2e36884e247c0866ec3d24ed815784"
  integrity sha512-sOHi1ZSapFlxn7yPl4MO5TXd9aWC0BVq2CgXAJ2EESb+ddh2uJbGQgLLNocX+MDh419cUuuFT2QAJpuWHhJcng==
  dependencies:
    "@volar/shared" "^0.27.24"
    vscode-languageserver "^8.0.0-next.2"

"@vscode/emmet-helper@^2.7.0":
  version "2.8.2"
  resolved "https://registry.npmjs.org/@vscode/emmet-helper/-/emmet-helper-2.8.2.tgz#9b2ce4fdd62cf3fda45cf8af67c012cfce55edc9"
  integrity sha512-A/+pkBYQq2JTow1A2flfTmEOmiF780KpdkoX7VBjQ7wujeA+CFUPd17YdeIa9aim20+J5Jp7SFujPDwVFiQucQ==
  dependencies:
    emmet "^2.3.0"
    jsonc-parser "^2.3.0"
    vscode-languageserver-textdocument "^1.0.1"
    vscode-languageserver-types "^3.15.1"
    vscode-nls "^5.0.0"
    vscode-uri "^2.1.2"

"@vue/compiler-core@3.2.22":
  version "3.2.22"
  resolved "https://registry.npmjs.org/@vue/compiler-core/-/compiler-core-3.2.22.tgz#5e3d3b983cc7f430ddbc6a8773c872dcf410dc89"
  integrity sha512-uAkovrVeTcjzpiM4ECmVaMrv/bjdgAaLzvjcGqQPBEyUrcqsCgccT9fHJ/+hWVGhyMahmBwLqcn4guULNx7sdw==
  dependencies:
    "@babel/parser" "^7.15.0"
    "@vue/shared" "3.2.22"
    estree-walker "^2.0.2"
    source-map "^0.6.1"

"@vue/compiler-dom@3.2.22", "@vue/compiler-dom@^3.2.19":
  version "3.2.22"
  resolved "https://registry.npmjs.org/@vue/compiler-dom/-/compiler-dom-3.2.22.tgz#221cc358a6c0651c04e1dd22a8470b21e56ee1a5"
  integrity sha512-VZdsw/VuO1ODs8K7NQwnMQzKITDkIFlYYC03SVnunuf6eNRxBPEonSyqbWNoo6qNaHAEBTG6VVcZC5xC9bAx1g==
  dependencies:
    "@vue/compiler-core" "3.2.22"
    "@vue/shared" "3.2.22"

"@vue/compiler-sfc@3.2.22":
  version "3.2.22"
  resolved "https://registry.npmjs.org/@vue/compiler-sfc/-/compiler-sfc-3.2.22.tgz#ffd0e5e35479b6ade18d12fefec369cbaf2f7718"
  integrity sha512-tWRQ5ge1tsTDhUwHgueicKJ8rYm6WUVAPTaIpFW3GSwZKcOEJ2rXdfkHFShNVGupeRALz2ET2H84OL0GeRxY0A==
  dependencies:
    "@babel/parser" "^7.15.0"
    "@vue/compiler-core" "3.2.22"
    "@vue/compiler-dom" "3.2.22"
    "@vue/compiler-ssr" "3.2.22"
    "@vue/ref-transform" "3.2.22"
    "@vue/shared" "3.2.22"
    estree-walker "^2.0.2"
    magic-string "^0.25.7"
    postcss "^8.1.10"
    source-map "^0.6.1"

"@vue/compiler-ssr@3.2.22":
  version "3.2.22"
  resolved "https://registry.npmjs.org/@vue/compiler-ssr/-/compiler-ssr-3.2.22.tgz#23552c31b76b45baf5f244713c81d77ab59447d2"
  integrity sha512-Cl6aoLJtXzzBkk1sKod8S0WBJLts3+ugVC91d22gGpbkw/64WnF12tOZi7Rg54PPLi1NovqyNWPsLH/SAFcu+w==
  dependencies:
    "@vue/compiler-dom" "3.2.22"
    "@vue/shared" "3.2.22"

"@vue/reactivity@3.2.22", "@vue/reactivity@^3.2.19":
  version "3.2.22"
  resolved "https://registry.npmjs.org/@vue/reactivity/-/reactivity-3.2.22.tgz#88655c0b4febc561136e6550e329039f860caa0a"
  integrity sha512-xNkLAItjI0xB+lFeDgKCrSItmrHTaAzSnt8LmdSCPQnDyarmzbi/u4ESQnckWvlL7lSRKiEaOvblaNyqAa7OnQ==
  dependencies:
    "@vue/shared" "3.2.22"

"@vue/ref-transform@3.2.22":
  version "3.2.22"
  resolved "https://registry.npmjs.org/@vue/ref-transform/-/ref-transform-3.2.22.tgz#16b03994eac71528cceff4cf76178ed9b44ac90a"
  integrity sha512-qalVWbq5xWWxLZ0L9OroBg/JZhzavQuCcDXblfErxyDEH6Xc5gIJ4feo1SVCICFzhAUgLgQTdSFLpgjBawbFpw==
  dependencies:
    "@babel/parser" "^7.15.0"
    "@vue/compiler-core" "3.2.22"
    "@vue/shared" "3.2.22"
    estree-walker "^2.0.2"
    magic-string "^0.25.7"

"@vue/runtime-core@3.2.22":
  version "3.2.22"
  resolved "https://registry.npmjs.org/@vue/runtime-core/-/runtime-core-3.2.22.tgz#111f1bc97f20249e05ca2189856d99c82d72de32"
  integrity sha512-e7WOC55wmHPvmoVUk9VBe/Z9k5bJfWJfVIlkUkiADJn0bOgQD29oh/GS14Kb3aEJXIHLI17Em6+HxNut1sIh7Q==
  dependencies:
    "@vue/reactivity" "3.2.22"
    "@vue/shared" "3.2.22"

"@vue/runtime-dom@3.2.22":
  version "3.2.22"
  resolved "https://registry.npmjs.org/@vue/runtime-dom/-/runtime-dom-3.2.22.tgz#c11d75dd51375ee4c74e339f6523ca05e37faa37"
  integrity sha512-w7VHYJoliLRTLc5beN77wxuOjla4v9wr2FF22xpZFYBmH4U1V7HkYhoHc1BTuNghI15CXT1tNIMhibI1nrQgdw==
  dependencies:
    "@vue/runtime-core" "3.2.22"
    "@vue/shared" "3.2.22"
    csstype "^2.6.8"

"@vue/server-renderer@3.2.22":
  version "3.2.22"
  resolved "https://registry.npmjs.org/@vue/server-renderer/-/server-renderer-3.2.22.tgz#049c91a495cb0fcdac02dec485c31cb99410885f"
  integrity sha512-jCwbQgKPXiXoH9VS9F7K+gyEvEMrjutannwEZD1R8fQ9szmOTqC+RRbIY3Uf2ibQjZtZ8DV9a4FjxICvd9zZlQ==
  dependencies:
    "@vue/compiler-ssr" "3.2.22"
    "@vue/shared" "3.2.22"

"@vue/shared@3.2.22", "@vue/shared@^3.2.19":
  version "3.2.22"
  resolved "https://registry.npmjs.org/@vue/shared/-/shared-3.2.22.tgz#26dcbe5e530f6c1f2de5ca9aeab92ab00f523b41"
  integrity sha512-qWVav014mpjEtbWbEgl0q9pEyrrIySKum8UVYjwhC6njrKzknLZPvfuYdQyVbApsqr94tf/3dP4pCuZmmjdCWQ==

acorn@^7.1.1:
  version "7.4.1"
  resolved "https://registry.npmjs.org/acorn/-/acorn-7.4.1.tgz#feaed255973d2e77555b83dbc08851a6c63520fa"
  integrity sha512-nQyp0o1/mNdbTO1PO6kHkwSrmgZ0MT/jCCpNiwbUjGoRN4dlBhqJtoQuCnEOKzgTVwg0ZWiCoQy6SxMebQVh8A==

asap@~2.0.3:
  version "2.0.6"
  resolved "https://registry.npmjs.org/asap/-/asap-2.0.6.tgz#e50347611d7e690943208bbdafebcbc2fb866d46"
  integrity sha1-5QNHYR1+aQlDIIu9r+vLwvuGbUY=

assert-never@^1.2.1:
  version "1.2.1"
  resolved "https://registry.npmjs.org/assert-never/-/assert-never-1.2.1.tgz#11f0e363bf146205fb08193b5c7b90f4d1cf44fe"
  integrity sha512-TaTivMB6pYI1kXwrFlEhLeGfOqoDNdTxjCdwRfFFkEA30Eu+k48W34nlok2EYWJfFFzqaEmichdNM7th6M5HNw==

babel-walk@3.0.0-canary-5:
  version "3.0.0-canary-5"
  resolved "https://registry.npmjs.org/babel-walk/-/babel-walk-3.0.0-canary-5.tgz#f66ecd7298357aee44955f235a6ef54219104b11"
  integrity sha512-GAwkz0AihzY5bkwIY5QDR+LvsRQgB/B+1foMPvi0FZPMl5fjD7ICiznUiBdLYMH1QYe6vqu4gWYytZOccLouFw==
  dependencies:
    "@babel/types" "^7.9.6"

call-bind@^1.0.2:
  version "1.0.2"
  resolved "https://registry.npmjs.org/call-bind/-/call-bind-1.0.2.tgz#b1d4e89e688119c3c9a903ad30abb2f6a919be3c"
  integrity sha512-7O+FbCihrB5WGbFYesctwmTKae6rOiIzmz1icreWJ+0aA7LJfuqhEso2T9ncpcFtzMQtzXf2QGGueWJGTYsqrA==
  dependencies:
    function-bind "^1.1.1"
    get-intrinsic "^1.0.2"

character-parser@^2.2.0:
  version "2.2.0"
  resolved "https://registry.npmjs.org/character-parser/-/character-parser-2.2.0.tgz#c7ce28f36d4bcd9744e5ffc2c5fcde1c73261fc0"
  integrity sha1-x84o821LzZdE5f/CxfzeHHMmH8A=
  dependencies:
    is-regex "^1.0.3"

constantinople@^4.0.1:
  version "4.0.1"
  resolved "https://registry.npmjs.org/constantinople/-/constantinople-4.0.1.tgz#0def113fa0e4dc8de83331a5cf79c8b325213151"
  integrity sha512-vCrqcSIq4//Gx74TXXCGnHpulY1dskqLTFGDmhrGxzeXL8lF8kvXv6mpNWlJj1uD4DW23D4ljAqbY4RRaaUZIw==
  dependencies:
    "@babel/parser" "^7.6.0"
    "@babel/types" "^7.6.1"

csstype@^2.6.8:
  version "2.6.19"
  resolved "https://registry.npmjs.org/csstype/-/csstype-2.6.19.tgz#feeb5aae89020bb389e1f63669a5ed490e391caa"
  integrity sha512-ZVxXaNy28/k3kJg0Fou5MiYpp88j7H9hLZp8PDC3jV0WFjfH5E9xHb56L0W59cPbKbcHXeP4qyT8PrHp8t6LcQ==

doctypes@^1.1.0:
  version "1.1.0"
  resolved "https://registry.npmjs.org/doctypes/-/doctypes-1.1.0.tgz#ea80b106a87538774e8a3a4a5afe293de489e0a9"
  integrity sha1-6oCxBqh1OHdOijpKWv4pPeSJ4Kk=

dom-serializer@^1.0.1:
  version "1.3.2"
  resolved "https://registry.npmjs.org/dom-serializer/-/dom-serializer-1.3.2.tgz#6206437d32ceefaec7161803230c7a20bc1b4d91"
  integrity sha512-5c54Bk5Dw4qAxNOI1pFEizPSjVsx5+bpJKmL2kPn8JhBUq2q09tTCa3mjijun2NfK78NMouDYNMBkOrPZiS+ig==
  dependencies:
    domelementtype "^2.0.1"
    domhandler "^4.2.0"
    entities "^2.0.0"

domelementtype@^2.0.1, domelementtype@^2.2.0:
  version "2.2.0"
  resolved "https://registry.npmjs.org/domelementtype/-/domelementtype-2.2.0.tgz#9a0b6c2782ed6a1c7323d42267183df9bd8b1d57"
  integrity sha512-DtBMo82pv1dFtUmHyr48beiuq792Sxohr+8Hm9zoxklYPfa6n0Z3Byjj2IV7bmr2IyqClnqEQhfgHJJ5QF0R5A==

domhandler@^4.0.0, domhandler@^4.2.0:
  version "4.2.2"
  resolved "https://registry.npmjs.org/domhandler/-/domhandler-4.2.2.tgz#e825d721d19a86b8c201a35264e226c678ee755f"
  integrity sha512-PzE9aBMsdZO8TK4BnuJwH0QT41wgMbRzuZrHUcpYncEjmQazq8QEaBWgLG7ZyC/DAZKEgglpIA6j4Qn/HmxS3w==
  dependencies:
    domelementtype "^2.2.0"

domutils@^2.5.2:
  version "2.8.0"
  resolved "https://registry.npmjs.org/domutils/-/domutils-2.8.0.tgz#4437def5db6e2d1f5d6ee859bd95ca7d02048135"
  integrity sha512-w96Cjofp72M5IIhpjgobBimYEfoPjx1Vx0BSX9P30WBdZW2WIKU0T1Bd0kz2eNZ9ikjKgHbEyKx8BB6H1L3h3A==
  dependencies:
    dom-serializer "^1.0.1"
    domelementtype "^2.2.0"
    domhandler "^4.2.0"

emmet@^2.3.0:
  version "2.3.4"
  resolved "https://registry.npmjs.org/emmet/-/emmet-2.3.4.tgz#5ba0d7a5569a68c7697dfa890c772e4f3179d123"
  integrity sha512-3IqSwmO+N2ZGeuhDyhV/TIOJFUbkChi53bcasSNRE7Yd+4eorbbYz4e53TpMECt38NtYkZNupQCZRlwdAYA42A==
  dependencies:
    "@emmetio/abbreviation" "^2.2.2"
    "@emmetio/css-abbreviation" "^2.1.4"

entities@^2.0.0:
  version "2.2.0"
  resolved "https://registry.npmjs.org/entities/-/entities-2.2.0.tgz#098dc90ebb83d8dffa089d55256b351d34c4da55"
  integrity sha512-p92if5Nz619I0w+akJrLZH0MX0Pb5DX39XOwQTtXSdQQOaYH03S1uIQp4mhOZtAXrxq4ViO67YTiLBo2638o9A==

esbuild-android-arm64@0.13.14:
  version "0.13.14"
  resolved "https://registry.npmjs.org/esbuild-android-arm64/-/esbuild-android-arm64-0.13.14.tgz#c85083ece26be3d67e6c720e088968a98409e023"
  integrity sha512-Q+Xhfp827r+ma8/DJgpMRUbDZfefsk13oePFEXEIJ4gxFbNv5+vyiYXYuKm43/+++EJXpnaYmEnu4hAKbAWYbA==

esbuild-darwin-64@0.13.14:
  version "0.13.14"
  resolved "https://registry.npmjs.org/esbuild-darwin-64/-/esbuild-darwin-64-0.13.14.tgz#8e4e237ad847cc54a1d3a5caee26a746b9f0b81f"
  integrity sha512-YmOhRns6QBNSjpVdTahi/yZ8dscx9ai7a6OY6z5ACgOuQuaQ2Qk2qgJ0/siZ6LgD0gJFMV8UINFV5oky5TFNQQ==

esbuild-darwin-arm64@0.13.14:
  version "0.13.14"
  resolved "https://registry.npmjs.org/esbuild-darwin-arm64/-/esbuild-darwin-arm64-0.13.14.tgz#b3b5ebd40b2cb06ee0f6fb342dd4bdcca54ad273"
  integrity sha512-Lp00VTli2jqZghSa68fx3fEFCPsO1hK59RMo1PRap5RUjhf55OmaZTZYnCDI0FVlCtt+gBwX5qwFt4lc6tI1xg==

esbuild-freebsd-64@0.13.14:
  version "0.13.14"
  resolved "https://registry.npmjs.org/esbuild-freebsd-64/-/esbuild-freebsd-64-0.13.14.tgz#175ecb2fa8141428cf70ea2d5f4c27534bad53e0"
  integrity sha512-BKosI3jtvTfnmsCW37B1TyxMUjkRWKqopR0CE9AF2ratdpkxdR24Vpe3gLKNyWiZ7BE96/SO5/YfhbPUzY8wKw==

esbuild-freebsd-arm64@0.13.14:
  version "0.13.14"
  resolved "https://registry.npmjs.org/esbuild-freebsd-arm64/-/esbuild-freebsd-arm64-0.13.14.tgz#a7d64e41d1fa581f8db7775e5200f18e67d70c4d"
  integrity sha512-yd2uh0yf+fWv5114+SYTl4/1oDWtr4nN5Op+PGxAkMqHfYfLjFKpcxwCo/QOS/0NWqPVE8O41IYZlFhbEN2B8Q==

esbuild-linux-32@0.13.14:
  version "0.13.14"
  resolved "https://registry.npmjs.org/esbuild-linux-32/-/esbuild-linux-32-0.13.14.tgz#14bdd4f6b6cfd35c65c835894651ba335c2117da"
  integrity sha512-a8rOnS1oWSfkkYWXoD2yXNV4BdbDKA7PNVQ1klqkY9SoSApL7io66w5H44mTLsfyw7G6Z2vLlaLI2nz9MMAowA==

esbuild-linux-64@0.13.14:
  version "0.13.14"
  resolved "https://registry.npmjs.org/esbuild-linux-64/-/esbuild-linux-64-0.13.14.tgz#7fd56851b2982fdd0cd8447ee9858c2c5711708a"
  integrity sha512-yPZSoMs9W2MC3Dw+6kflKt5FfQm6Dicex9dGIr1OlHRsn3Hm7yGMUTctlkW53KknnZdOdcdd5upxvbxqymczVQ==

esbuild-linux-arm64@0.13.14:
  version "0.13.14"
  resolved "https://registry.npmjs.org/esbuild-linux-arm64/-/esbuild-linux-arm64-0.13.14.tgz#a55634d70679ba509adeafd68eebb9fd1ec5af6c"
  integrity sha512-Lvo391ln9PzC334e+jJ2S0Rt0cxP47eoH5gFyv/E8HhOnEJTvm7A+RRnMjjHnejELacTTfYgFGQYPjLsi/jObQ==

esbuild-linux-arm@0.13.14:
  version "0.13.14"
  resolved "https://registry.npmjs.org/esbuild-linux-arm/-/esbuild-linux-arm-0.13.14.tgz#bb96a99677e608b31ff61f37564326d38e846ca2"
  integrity sha512-8chZE4pkKRvJ/M/iwsNQ1KqsRg2RyU5eT/x2flNt/f8F2TVrDreR7I0HEeCR50wLla3B1C3wTIOzQBmjuc6uWg==

esbuild-linux-mips64le@0.13.14:
  version "0.13.14"
  resolved "https://registry.npmjs.org/esbuild-linux-mips64le/-/esbuild-linux-mips64le-0.13.14.tgz#6a55362a8fd1e593dea2ecc41877beed8b8184b9"
  integrity sha512-MZhgxbmrWbpY3TOE029O6l5tokG9+Yoj2hW7vdit/d/VnmneqeGrSHADuDL6qXM8L5jaCiaivb4VhsyVCpdAbQ==

esbuild-linux-ppc64le@0.13.14:
  version "0.13.14"
  resolved "https://registry.npmjs.org/esbuild-linux-ppc64le/-/esbuild-linux-ppc64le-0.13.14.tgz#9e0048587ece0a7f184ab147f20d077098045e7f"
  integrity sha512-un7KMwS7fX1Un6BjfSZxTT8L5cV/8Uf4SAhM7WYy2XF8o8TI+uRxxD03svZnRNIPsN2J5cl6qV4n7Iwz+yhhVw==

esbuild-netbsd-64@0.13.14:
  version "0.13.14"
  resolved "https://registry.npmjs.org/esbuild-netbsd-64/-/esbuild-netbsd-64-0.13.14.tgz#dcab16a4bbcfa16e2e8535dadc5f64fdc891c63b"
  integrity sha512-5ekKx/YbOmmlTeNxBjh38Uh5TGn5C4uyqN17i67k18pS3J+U2hTVD7rCxcFcRS1AjNWumkVL3jWqYXadFwMS0Q==

esbuild-openbsd-64@0.13.14:
  version "0.13.14"
  resolved "https://registry.npmjs.org/esbuild-openbsd-64/-/esbuild-openbsd-64-0.13.14.tgz#3c7453b155ebb68dc34d5aec3bd6505337bdda08"
  integrity sha512-9bzvwewHjct2Cv5XcVoE1yW5YTW12Sk838EYfA46abgnhxGoFSD1mFcaztp5HHC43AsF+hQxbSFG/RilONARUA==

esbuild-sunos-64@0.13.14:
  version "0.13.14"
  resolved "https://registry.npmjs.org/esbuild-sunos-64/-/esbuild-sunos-64-0.13.14.tgz#85addf5fef6b5db154a955d4f2e88953359d75ce"
  integrity sha512-mjMrZB76M6FmoiTvj/RGWilrioR7gVwtFBRVugr9qLarXMIU1W/pQx+ieEOtflrW61xo8w1fcxyHsVVGRvoQ0w==

esbuild-windows-32@0.13.14:
  version "0.13.14"
  resolved "https://registry.npmjs.org/esbuild-windows-32/-/esbuild-windows-32-0.13.14.tgz#f77f98f30a5c636c44db2428ecdf9bcbbaedb1a7"
  integrity sha512-GZa6mrx2rgfbH/5uHg0Rdw50TuOKbdoKCpEBitzmG5tsXBdce+cOL+iFO5joZc6fDVCLW3Y6tjxmSXRk/v20Hg==

esbuild-windows-64@0.13.14:
  version "0.13.14"
  resolved "https://registry.npmjs.org/esbuild-windows-64/-/esbuild-windows-64-0.13.14.tgz#bc778674c40d65150d12385e0f23eb3a0badbd0d"
  integrity sha512-Lsgqah24bT7ClHjLp/Pj3A9wxjhIAJyWQcrOV4jqXAFikmrp2CspA8IkJgw7HFjx6QrJuhpcKVbCAe/xw0i2yw==

esbuild-windows-arm64@0.13.14:
  version "0.13.14"
  resolved "https://registry.npmjs.org/esbuild-windows-arm64/-/esbuild-windows-arm64-0.13.14.tgz#91a8dad35ab2c4dd27cd83860742955b25a354d7"
  integrity sha512-KP8FHVlWGhM7nzYtURsGnskXb/cBCPTfj0gOKfjKq2tHtYnhDZywsUG57nk7TKhhK0fL11LcejHG3LRW9RF/9A==

esbuild@^0.13.2:
  version "0.13.14"
  resolved "https://registry.npmjs.org/esbuild/-/esbuild-0.13.14.tgz#98a3f7f42809abdc2b57c84565d0f713382dc1a5"
  integrity sha512-xu4D+1ji9x53ocuomcY+KOrwAnWzhBu/wTEjpdgZ8I1c8i5vboYIeigMdzgY1UowYBKa2vZgVgUB32bu7gkxeg==
  optionalDependencies:
    esbuild-android-arm64 "0.13.14"
    esbuild-darwin-64 "0.13.14"
    esbuild-darwin-arm64 "0.13.14"
    esbuild-freebsd-64 "0.13.14"
    esbuild-freebsd-arm64 "0.13.14"
    esbuild-linux-32 "0.13.14"
    esbuild-linux-64 "0.13.14"
    esbuild-linux-arm "0.13.14"
    esbuild-linux-arm64 "0.13.14"
    esbuild-linux-mips64le "0.13.14"
    esbuild-linux-ppc64le "0.13.14"
    esbuild-netbsd-64 "0.13.14"
    esbuild-openbsd-64 "0.13.14"
    esbuild-sunos-64 "0.13.14"
    esbuild-windows-32 "0.13.14"
    esbuild-windows-64 "0.13.14"
    esbuild-windows-arm64 "0.13.14"

estree-walker@^2.0.2:
  version "2.0.2"
  resolved "https://registry.npmjs.org/estree-walker/-/estree-walker-2.0.2.tgz#52f010178c2a4c117a7757cfe942adb7d2da4cac"
  integrity sha512-Rfkk/Mp/DL7JVje3u18FxFujQlTNR2q6QfMSMB7AvCBx91NGj/ba3kCfza0f6dVDbw7YlRf/nDrn7pQrCCyQ/w==

fflate@^0.7.1:
  version "0.7.1"
  resolved "https://registry.npmjs.org/fflate/-/fflate-0.7.1.tgz#56e87e87c3f2fe01b025fbb1c4ea835990c02fa2"
  integrity sha512-VYM2Xy1gSA5MerKzCnmmuV2XljkpKwgJBKezW+495TTnTCh1x5HcYa1aH8wRU/MfTGhW4ziXqgwprgQUVl3Ohw==

fsevents@~2.3.2:
  version "2.3.2"
  resolved "https://registry.npmjs.org/fsevents/-/fsevents-2.3.2.tgz#8a526f78b8fdf4623b709e0b975c52c24c02fd1a"
  integrity sha512-xiqMQR4xAeHTuB9uWm+fFRcIOgKBMiOBP+eXiyT7jsgVCq1bkVygt00oASowB7EdtpOHaaPgKt812P9ab+DDKA==

function-bind@^1.1.1:
  version "1.1.1"
  resolved "https://registry.npmjs.org/function-bind/-/function-bind-1.1.1.tgz#a56899d3ea3c9bab874bb9773b7c5ede92f4895d"
  integrity sha512-yIovAzMX49sF8Yl58fSCWJ5svSLuaibPxXQJFLmBObTuCr0Mf1KiPopGM9NiFjiYBCbfaa2Fh6breQ6ANVTI0A==

get-intrinsic@^1.0.2:
  version "1.1.1"
  resolved "https://registry.npmjs.org/get-intrinsic/-/get-intrinsic-1.1.1.tgz#15f59f376f855c446963948f0d24cd3637b4abc6"
  integrity sha512-kWZrnVM42QCiEA2Ig1bG8zjoIMOgxWwYCEeNdwY6Tv/cOSeGpcoX4pXHfKUxNKVoArnrEr2e9srnAxxGIraS9Q==
  dependencies:
    function-bind "^1.1.1"
    has "^1.0.3"
    has-symbols "^1.0.1"

has-symbols@^1.0.1, has-symbols@^1.0.2:
  version "1.0.2"
  resolved "https://registry.npmjs.org/has-symbols/-/has-symbols-1.0.2.tgz#165d3070c00309752a1236a479331e3ac56f1423"
  integrity sha512-chXa79rL/UC2KlX17jo3vRGz0azaWEx5tGqZg5pO3NUyEJVB17dMruQlzCCOfUvElghKcm5194+BCRvi2Rv/Gw==

has-tostringtag@^1.0.0:
  version "1.0.0"
  resolved "https://registry.npmjs.org/has-tostringtag/-/has-tostringtag-1.0.0.tgz#7e133818a7d394734f941e73c3d3f9291e658b25"
  integrity sha512-kFjcSNhnlGV1kyoGk7OXKSawH5JOb/LzUc5w9B02hOTO0dfFRjbHQKvg1d6cf3HbeUmtU9VbbV3qzZ2Teh97WQ==
  dependencies:
    has-symbols "^1.0.2"

has@^1.0.3:
  version "1.0.3"
  resolved "https://registry.npmjs.org/has/-/has-1.0.3.tgz#722d7cbfc1f6aa8241f16dd814e011e1f41e8796"
  integrity sha512-f2dvO0VU6Oej7RkWJGrehjbzMAjFp5/VKPp5tTpWIV4JHHZK1/BxbFRtf/siA2SWTe09caDmVtYYzWEIbBS4zw==
  dependencies:
    function-bind "^1.1.1"

htmlparser2@^6.1.0:
  version "6.1.0"
  resolved "https://registry.npmjs.org/htmlparser2/-/htmlparser2-6.1.0.tgz#c4d762b6c3371a05dbe65e94ae43a9f845fb8fb7"
  integrity sha512-gyyPk6rgonLFEDGoeRgQNaEUvdJ4ktTmmUh/h2t7s+M8oPpIPxgNACWa+6ESR57kXstwqPiCut0V8NRpcwgU7A==
  dependencies:
    domelementtype "^2.0.1"
    domhandler "^4.0.0"
    domutils "^2.5.2"
    entities "^2.0.0"

is-core-module@^2.2.0:
  version "2.8.0"
  resolved "https://registry.npmjs.org/is-core-module/-/is-core-module-2.8.0.tgz#0321336c3d0925e497fd97f5d95cb114a5ccd548"
  integrity sha512-vd15qHsaqrRL7dtH6QNuy0ndJmRDrS9HAM1CAiSifNUFv4x1a0CCVsj18hJ1mShxIG6T2i1sO78MkP56r0nYRw==
  dependencies:
    has "^1.0.3"

is-expression@^4.0.0:
  version "4.0.0"
  resolved "https://registry.npmjs.org/is-expression/-/is-expression-4.0.0.tgz#c33155962abf21d0afd2552514d67d2ec16fd2ab"
  integrity sha512-zMIXX63sxzG3XrkHkrAPvm/OVZVSCPNkwMHU8oTX7/U3AL78I0QXCEICXUM13BIa8TYGZ68PiTKfQz3yaTNr4A==
  dependencies:
    acorn "^7.1.1"
    object-assign "^4.1.1"

is-promise@^2.0.0:
  version "2.2.2"
  resolved "https://registry.npmjs.org/is-promise/-/is-promise-2.2.2.tgz#39ab959ccbf9a774cf079f7b40c7a26f763135f1"
  integrity sha512-+lP4/6lKUBfQjZ2pdxThZvLUAafmZb8OAxFb8XXtiQmS35INgr85hdOGoEs124ez1FCnZJt6jau/T+alh58QFQ==

is-regex@^1.0.3:
  version "1.1.4"
  resolved "https://registry.npmjs.org/is-regex/-/is-regex-1.1.4.tgz#eef5663cd59fa4c0ae339505323df6854bb15958"
  integrity sha512-kvRdxDsxZjhzUX07ZnLydzS1TU/TJlTUHHY4YLL87e37oUA49DfkLqgy+VjFocowy29cKvcSiu+kIv728jTTVg==
  dependencies:
    call-bind "^1.0.2"
    has-tostringtag "^1.0.0"

js-stringify@^1.0.2:
  version "1.0.2"
  resolved "https://registry.npmjs.org/js-stringify/-/js-stringify-1.0.2.tgz#1736fddfd9724f28a3682adc6230ae7e4e9679db"
  integrity sha1-Fzb939lyTyijaCrcYjCufk6Weds=

jsonc-parser@^2.3.0:
  version "2.3.1"
  resolved "https://registry.npmjs.org/jsonc-parser/-/jsonc-parser-2.3.1.tgz#59549150b133f2efacca48fe9ce1ec0659af2342"
  integrity sha512-H8jvkz1O50L3dMZCsLqiuB2tA7muqbSg1AtGEkN0leAqGjsUzDJir3Zwr02BhqdcITPg3ei3mZ+HjMocAknhhg==

jsonc-parser@^3.0.0:
  version "3.0.0"
  resolved "https://registry.npmjs.org/jsonc-parser/-/jsonc-parser-3.0.0.tgz#abdd785701c7e7eaca8a9ec8cf070ca51a745a22"
  integrity sha512-fQzRfAbIBnR0IQvftw9FJveWiHp72Fg20giDrHz6TdfB12UH/uue0D3hm57UB5KgAVuniLMCaS8P1IMj9NR7cA==

jstransformer@1.0.0:
  version "1.0.0"
  resolved "https://registry.npmjs.org/jstransformer/-/jstransformer-1.0.0.tgz#ed8bf0921e2f3f1ed4d5c1a44f68709ed24722c3"
  integrity sha1-7Yvwkh4vPx7U1cGkT2hwntJHIsM=
  dependencies:
    is-promise "^2.0.0"
    promise "^7.0.1"

lru-cache@^6.0.0:
  version "6.0.0"
  resolved "https://registry.npmjs.org/lru-cache/-/lru-cache-6.0.0.tgz#6d6fe6570ebd96aaf90fcad1dafa3b2566db3a94"
  integrity sha512-Jo6dJ04CmSjuznwJSS3pUeWmd/H0ffTlkXXgwZi+eq1UCmqQwCh+eLsYOYCwY991i2Fah4h1BEMCx4qThGbsiA==
  dependencies:
    yallist "^4.0.0"

magic-string@^0.25.7:
  version "0.25.7"
  resolved "https://registry.npmjs.org/magic-string/-/magic-string-0.25.7.tgz#3f497d6fd34c669c6798dcb821f2ef31f5445051"
  integrity sha512-4CrMT5DOHTDk4HYDlzmwu4FVCcIYI8gauveasrdCu2IKIFOJ3f0v/8MDGJCDL9oD2ppz/Av1b0Nj345H9M+XIA==
  dependencies:
    sourcemap-codec "^1.4.4"

nanoid@^3.1.30:
  version "3.1.30"
  resolved "https://registry.npmjs.org/nanoid/-/nanoid-3.1.30.tgz#63f93cc548d2a113dc5dfbc63bfa09e2b9b64362"
  integrity sha512-zJpuPDwOv8D2zq2WRoMe1HsfZthVewpel9CAvTfc/2mBD1uUT/agc5f7GHGWXlYkFvi1mVxe4IjvP2HNrop7nQ==

object-assign@^4.1.1:
  version "4.1.1"
  resolved "https://registry.npmjs.org/object-assign/-/object-assign-4.1.1.tgz#2109adc7965887cfc05cbbd442cac8bfbb360863"
  integrity sha1-IQmtx5ZYh8/AXLvUQsrIv7s2CGM=

path-parse@^1.0.6:
  version "1.0.7"
  resolved "https://registry.npmjs.org/path-parse/-/path-parse-1.0.7.tgz#fbc114b60ca42b30d9daf5858e4bd68bbedb6735"
  integrity sha512-LDJzPVEEEPR+y48z93A0Ed0yXb8pAByGWo/k5YYdYgpY2/2EsOsksJrq7lOHxryrVOn1ejG6oAp8ahvOIQD8sw==

picocolors@^1.0.0:
  version "1.0.0"
  resolved "https://registry.npmjs.org/picocolors/-/picocolors-1.0.0.tgz#cb5bdc74ff3f51892236eaf79d68bc44564ab81c"
  integrity sha512-1fygroTLlHu66zi26VoTDv8yRgm0Fccecssto+MhsZ0D/DGW2sm8E8AjW7NU5VVTRt5GxbeZ5qBuJr+HyLYkjQ==

postcss@^8.1.10, postcss@^8.3.8:
  version "8.3.11"
  resolved "https://registry.npmjs.org/postcss/-/postcss-8.3.11.tgz#c3beca7ea811cd5e1c4a3ec6d2e7599ef1f8f858"
  integrity sha512-hCmlUAIlUiav8Xdqw3Io4LcpA1DOt7h3LSTAC4G6JGHFFaWzI6qvFt9oilvl8BmkbBRX1IhM90ZAmpk68zccQA==
  dependencies:
    nanoid "^3.1.30"
    picocolors "^1.0.0"
    source-map-js "^0.6.2"

promise@^7.0.1:
  version "7.3.1"
  resolved "https://registry.npmjs.org/promise/-/promise-7.3.1.tgz#064b72602b18f90f29192b8b1bc418ffd1ebd3bf"
  integrity sha512-nolQXZ/4L+bP/UGlkfaIujX9BKxGwmQ9OT4mOt5yvy8iK1h3wqTEJCijzGANTCCl9nWjY41juyAn2K3Q1hLLTg==
  dependencies:
    asap "~2.0.3"

pug-attrs@^3.0.0:
  version "3.0.0"
  resolved "https://registry.npmjs.org/pug-attrs/-/pug-attrs-3.0.0.tgz#b10451e0348165e31fad1cc23ebddd9dc7347c41"
  integrity sha512-azINV9dUtzPMFQktvTXciNAfAuVh/L/JCl0vtPCwvOA21uZrC08K/UnmrL+SXGEVc1FwzjW62+xw5S/uaLj6cA==
  dependencies:
    constantinople "^4.0.1"
    js-stringify "^1.0.2"
    pug-runtime "^3.0.0"

pug-code-gen@^3.0.2:
  version "3.0.2"
  resolved "https://registry.npmjs.org/pug-code-gen/-/pug-code-gen-3.0.2.tgz#ad190f4943133bf186b60b80de483100e132e2ce"
  integrity sha512-nJMhW16MbiGRiyR4miDTQMRWDgKplnHyeLvioEJYbk1RsPI3FuA3saEP8uwnTb2nTJEKBU90NFVWJBk4OU5qyg==
  dependencies:
    constantinople "^4.0.1"
    doctypes "^1.1.0"
    js-stringify "^1.0.2"
    pug-attrs "^3.0.0"
    pug-error "^2.0.0"
    pug-runtime "^3.0.0"
    void-elements "^3.1.0"
    with "^7.0.0"

pug-error@^2.0.0:
  version "2.0.0"
  resolved "https://registry.npmjs.org/pug-error/-/pug-error-2.0.0.tgz#5c62173cb09c34de2a2ce04f17b8adfec74d8ca5"
  integrity sha512-sjiUsi9M4RAGHktC1drQfCr5C5eriu24Lfbt4s+7SykztEOwVZtbFk1RRq0tzLxcMxMYTBR+zMQaG07J/btayQ==

pug-filters@^4.0.0:
  version "4.0.0"
  resolved "https://registry.npmjs.org/pug-filters/-/pug-filters-4.0.0.tgz#d3e49af5ba8472e9b7a66d980e707ce9d2cc9b5e"
  integrity sha512-yeNFtq5Yxmfz0f9z2rMXGw/8/4i1cCFecw/Q7+D0V2DdtII5UvqE12VaZ2AY7ri6o5RNXiweGH79OCq+2RQU4A==
  dependencies:
    constantinople "^4.0.1"
    jstransformer "1.0.0"
    pug-error "^2.0.0"
    pug-walk "^2.0.0"
    resolve "^1.15.1"

pug-lexer@^5.0.1:
  version "5.0.1"
  resolved "https://registry.npmjs.org/pug-lexer/-/pug-lexer-5.0.1.tgz#ae44628c5bef9b190b665683b288ca9024b8b0d5"
  integrity sha512-0I6C62+keXlZPZkOJeVam9aBLVP2EnbeDw3An+k0/QlqdwH6rv8284nko14Na7c0TtqtogfWXcRoFE4O4Ff20w==
  dependencies:
    character-parser "^2.2.0"
    is-expression "^4.0.0"
    pug-error "^2.0.0"

pug-linker@^4.0.0:
  version "4.0.0"
  resolved "https://registry.npmjs.org/pug-linker/-/pug-linker-4.0.0.tgz#12cbc0594fc5a3e06b9fc59e6f93c146962a7708"
  integrity sha512-gjD1yzp0yxbQqnzBAdlhbgoJL5qIFJw78juN1NpTLt/mfPJ5VgC4BvkoD3G23qKzJtIIXBbcCt6FioLSFLOHdw==
  dependencies:
    pug-error "^2.0.0"
    pug-walk "^2.0.0"

pug-load@^3.0.0:
  version "3.0.0"
  resolved "https://registry.npmjs.org/pug-load/-/pug-load-3.0.0.tgz#9fd9cda52202b08adb11d25681fb9f34bd41b662"
  integrity sha512-OCjTEnhLWZBvS4zni/WUMjH2YSUosnsmjGBB1An7CsKQarYSWQ0GCVyd4eQPMFJqZ8w9xgs01QdiZXKVjk92EQ==
  dependencies:
    object-assign "^4.1.1"
    pug-walk "^2.0.0"

pug-parser@^6.0.0:
  version "6.0.0"
  resolved "https://registry.npmjs.org/pug-parser/-/pug-parser-6.0.0.tgz#a8fdc035863a95b2c1dc5ebf4ecf80b4e76a1260"
  integrity sha512-ukiYM/9cH6Cml+AOl5kETtM9NR3WulyVP2y4HOU45DyMim1IeP/OOiyEWRr6qk5I5klpsBnbuHpwKmTx6WURnw==
  dependencies:
    pug-error "^2.0.0"
    token-stream "1.0.0"

pug-runtime@^3.0.0, pug-runtime@^3.0.1:
  version "3.0.1"
  resolved "https://registry.npmjs.org/pug-runtime/-/pug-runtime-3.0.1.tgz#f636976204723f35a8c5f6fad6acda2a191b83d7"
  integrity sha512-L50zbvrQ35TkpHwv0G6aLSuueDRwc/97XdY8kL3tOT0FmhgG7UypU3VztfV/LATAvmUfYi4wNxSajhSAeNN+Kg==

pug-strip-comments@^2.0.0:
  version "2.0.0"
  resolved "https://registry.npmjs.org/pug-strip-comments/-/pug-strip-comments-2.0.0.tgz#f94b07fd6b495523330f490a7f554b4ff876303e"
  integrity sha512-zo8DsDpH7eTkPHCXFeAk1xZXJbyoTfdPlNR0bK7rpOMuhBYb0f5qUVCO1xlsitYd3w5FQTK7zpNVKb3rZoUrrQ==
  dependencies:
    pug-error "^2.0.0"

pug-walk@^2.0.0:
  version "2.0.0"
  resolved "https://registry.npmjs.org/pug-walk/-/pug-walk-2.0.0.tgz#417aabc29232bb4499b5b5069a2b2d2a24d5f5fe"
  integrity sha512-yYELe9Q5q9IQhuvqsZNwA5hfPkMJ8u92bQLIMcsMxf/VADjNtEYptU+inlufAFYcWdHlwNfZOEnOOQrZrcyJCQ==

pug@^3.0.2:
  version "3.0.2"
  resolved "https://registry.npmjs.org/pug/-/pug-3.0.2.tgz#f35c7107343454e43bc27ae0ff76c731b78ea535"
  integrity sha512-bp0I/hiK1D1vChHh6EfDxtndHji55XP/ZJKwsRqrz6lRia6ZC2OZbdAymlxdVFwd1L70ebrVJw4/eZ79skrIaw==
  dependencies:
    pug-code-gen "^3.0.2"
    pug-filters "^4.0.0"
    pug-lexer "^5.0.1"
    pug-linker "^4.0.0"
    pug-load "^3.0.0"
    pug-parser "^6.0.0"
    pug-runtime "^3.0.1"
    pug-strip-comments "^2.0.0"

request-light@^0.5.4:
  version "0.5.5"
  resolved "https://registry.npmjs.org/request-light/-/request-light-0.5.5.tgz#254ab0b38a1db2192170b599b05181934e14932b"
  integrity sha512-AvjfJuhyT6dYfhtIBF+IpTPQco+Td1QJ6PsIJ5xui110vQ5p9HxHk+m1XJqXazLQT6CxxSx9eNv6R/+fu4bZig==

resolve@^1.15.1, resolve@^1.20.0:
  version "1.20.0"
  resolved "https://registry.npmjs.org/resolve/-/resolve-1.20.0.tgz#629a013fb3f70755d6f0b7935cc1c2c5378b1975"
  integrity sha512-wENBPt4ySzg4ybFQW2TT1zMQucPK95HSh/nq2CFTZVOGut2+pQvSsgtda4d26YrYcr067wjbmzOG8byDPBX63A==
  dependencies:
    is-core-module "^2.2.0"
    path-parse "^1.0.6"

rollup@^2.57.0:
  version "2.60.0"
  resolved "https://registry.npmjs.org/rollup/-/rollup-2.60.0.tgz#4ee60ab7bdd0356763f87d7099f413e5460fc193"
  integrity sha512-cHdv9GWd58v58rdseC8e8XIaPUo8a9cgZpnCMMDGZFDZKEODOiPPEQFXLriWr/TjXzhPPmG5bkAztPsOARIcGQ==
  optionalDependencies:
    fsevents "~2.3.2"

semver@^7.3.5:
  version "7.3.5"
  resolved "https://registry.npmjs.org/semver/-/semver-7.3.5.tgz#0b621c879348d8998e4b0e4be94b3f12e6018ef7"
  integrity sha512-PoeGJYh8HK4BTO/a9Tf6ZG3veo/A7ZVsYrSA6J8ny9nb3B1VrpkuN+z9OE5wfE5p6H4LchYZsegiQgbJD94ZFQ==
  dependencies:
    lru-cache "^6.0.0"

source-map-js@^0.6.2:
  version "0.6.2"
  resolved "https://registry.npmjs.org/source-map-js/-/source-map-js-0.6.2.tgz#0bb5de631b41cfbda6cfba8bd05a80efdfd2385e"
  integrity sha512-/3GptzWzu0+0MBQFrDKzw/DvvMTUORvgY6k6jd/VS6iCR4RDTKWH6v6WPwQoUO8667uQEf9Oe38DxAYWY5F/Ug==

source-map@^0.6.1:
  version "0.6.1"
  resolved "https://registry.npmjs.org/source-map/-/source-map-0.6.1.tgz#74722af32e9614e9c287a8d0bbde48b5e2f1a263"
  integrity sha512-UjgapumWlbMhkBgzT7Ykc5YXUT46F0iKu8SGXq0bcwP5dz/h0Plj6enJqjz1Zbq2l5WaqYnrVbwWOWMyF3F47g==

sourcemap-codec@^1.4.4:
  version "1.4.8"
  resolved "https://registry.npmjs.org/sourcemap-codec/-/sourcemap-codec-1.4.8.tgz#ea804bd94857402e6992d05a38ef1ae35a9ab4c4"
  integrity sha512-9NykojV5Uih4lgo5So5dtw+f0JgJX30KCNI8gwhz2J9A15wD0Ml6tjHKwf6fTSa6fAdVBdZeNOs9eJ71qCk8vA==

streamsaver@^2.0.5:
  version "2.0.5"
  resolved "https://registry.npmjs.org/streamsaver/-/streamsaver-2.0.5.tgz#3212f0e908fcece5b3a65591094475cf87850d00"
  integrity sha512-KIWtBvi8A6FiFZGNSyuIZRZM6C8AvnWTiCx/TYa7so420vC5sQwcBKkdqInuGWoWMfeWy/P+/cRqMtWVf4RW9w==

to-fast-properties@^2.0.0:
  version "2.0.0"
  resolved "https://registry.npmjs.org/to-fast-properties/-/to-fast-properties-2.0.0.tgz#dc5e698cbd079265bc73e0377681a4e4e83f616e"
  integrity sha1-3F5pjL0HkmW8c+A3doGk5Og/YW4=

token-stream@1.0.0:
  version "1.0.0"
  resolved "https://registry.npmjs.org/token-stream/-/token-stream-1.0.0.tgz#cc200eab2613f4166d27ff9afc7ca56d49df6eb4"
  integrity sha1-zCAOqyYT9BZtJ/+a/HylbUnfbrQ=

typescript@^4.4.3:
  version "4.5.2"
  resolved "https://registry.npmjs.org/typescript/-/typescript-4.5.2.tgz#8ac1fba9f52256fdb06fb89e4122fa6a346c2998"
  integrity sha512-5BlMof9H1yGt0P8/WF+wPNw6GfctgGjXp5hkblpyT+8rkASSmkUKMXrxR0Xg8ThVCi/JnHQiKXeBaEwCeQwMFw==

upath@^2.0.1:
  version "2.0.1"
  resolved "https://registry.npmjs.org/upath/-/upath-2.0.1.tgz#50c73dea68d6f6b990f51d279ce6081665d61a8b"
  integrity sha512-1uEe95xksV1O0CYKXo8vQvN1JEbtJp7lb7C5U9HMsIp6IVwntkH/oNUzyVNQSd4S1sYk2FpSSW44FqMc8qee5w==

vite@^2.6.4:
  version "2.6.14"
  resolved "https://registry.npmjs.org/vite/-/vite-2.6.14.tgz#35c09a15e4df823410819a2a239ab11efb186271"
  integrity sha512-2HA9xGyi+EhY2MXo0+A2dRsqsAG3eFNEVIo12olkWhOmc8LfiM+eMdrXf+Ruje9gdXgvSqjLI9freec1RUM5EA==
  dependencies:
    esbuild "^0.13.2"
    postcss "^8.3.8"
    resolve "^1.20.0"
    rollup "^2.57.0"
  optionalDependencies:
    fsevents "~2.3.2"

void-elements@^3.1.0:
  version "3.1.0"
  resolved "https://registry.npmjs.org/void-elements/-/void-elements-3.1.0.tgz#614f7fbf8d801f0bb5f0661f5b2f5785750e4f09"
  integrity sha1-YU9/v42AHwu18GYfWy9XhXUOTwk=

vscode-css-languageservice@^5.1.4:
  version "5.1.8"
  resolved "https://registry.npmjs.org/vscode-css-languageservice/-/vscode-css-languageservice-5.1.8.tgz#36cb389788ffc2d5e6630ffc84e55ee38f8a2338"
  integrity sha512-Si1sMykS8U/p8LYgLGPCfZD1YFT0AtvUJQp9XJGw64DZWhtwYo28G2l64USLS9ge4ZPMZpwdpOK7PfbVKfgiiA==
  dependencies:
    vscode-languageserver-textdocument "^1.0.1"
    vscode-languageserver-types "^3.16.0"
    vscode-nls "^5.0.0"
    vscode-uri "^3.0.2"

vscode-html-languageservice@^4.0.7:
  version "4.1.1"
  resolved "https://registry.npmjs.org/vscode-html-languageservice/-/vscode-html-languageservice-4.1.1.tgz#93739c9f3d0c12c8249bad23f5005850c289ec38"
  integrity sha512-rrDyCiOgMwOPgchpPGAeLzjYVVEW/Ror2/a1BWUEI3S9+NQhA9vj4SQkzmH6g2Bq9S9SV0OQeadD+xphOf1N3w==
  dependencies:
    vscode-languageserver-textdocument "^1.0.1"
    vscode-languageserver-types "^3.16.0"
    vscode-nls "^5.0.0"
    vscode-uri "^3.0.2"

vscode-json-languageservice@^4.1.7:
  version "4.1.10"
  resolved "https://registry.npmjs.org/vscode-json-languageservice/-/vscode-json-languageservice-4.1.10.tgz#5d5729fc4f3e02f41599e0104523a1877c25f0fb"
  integrity sha512-IHliMEEYSY0tJjJt0ECb8ESx/nRXpoy9kN42WVQXgaqGyizFAf3jibSiezDQTrrY7f3kywXggCU+kkJEM+OLZQ==
  dependencies:
    jsonc-parser "^3.0.0"
    vscode-languageserver-textdocument "^1.0.1"
    vscode-languageserver-types "^3.16.0"
    vscode-nls "^5.0.0"
    vscode-uri "^3.0.2"

vscode-jsonrpc@8.0.0-next.3, vscode-jsonrpc@^8.0.0-next.2:
  version "8.0.0-next.3"
  resolved "https://registry.npmjs.org/vscode-jsonrpc/-/vscode-jsonrpc-8.0.0-next.3.tgz#b55edff0e550b03f3804aade44aca2699af27255"
  integrity sha512-2wRiBR5tZAXZ4UxIO4F0cT/zN6OpruoWO0vc7EpQZxVfumb0pYiSegB+PaOzXCuFQzh7YEshW/XMg4zTz3FGVQ==

vscode-languageserver-protocol@3.17.0-next.9:
  version "3.17.0-next.9"
  resolved "https://registry.npmjs.org/vscode-languageserver-protocol/-/vscode-languageserver-protocol-3.17.0-next.9.tgz#0fd4ad43611c96acd83d8d998dbe76668f60e604"
  integrity sha512-DGkRmbI1hRBMY6HU6MOyza5AvYp0+HcbMf2qdmI98luyQJ26dOfHY5K38OS4hlTHhdJg9RypTQ/uBbLZehmn1Q==
  dependencies:
    vscode-jsonrpc "8.0.0-next.3"
    vscode-languageserver-types "3.17.0-next.4"

vscode-languageserver-textdocument@^1.0.1:
  version "1.0.2"
  resolved "https://registry.npmjs.org/vscode-languageserver-textdocument/-/vscode-languageserver-textdocument-1.0.2.tgz#2f9f6bd5b5eb3d8e21424c0c367009216f016236"
  integrity sha512-T7uPC18+f8mYE4lbVZwb3OSmvwTZm3cuFhrdx9Bn2l11lmp3SvSuSVjy2JtvrghzjAo4G6Trqny2m9XGnFnWVA==

vscode-languageserver-types@3.17.0-next.4:
  version "3.17.0-next.4"
  resolved "https://registry.npmjs.org/vscode-languageserver-types/-/vscode-languageserver-types-3.17.0-next.4.tgz#f6788b375ec163da8b381f2f3e3f547cbc7fbeec"
  integrity sha512-MraVkZDhfqa3ftnKW9rEDeqsV+ji8OrtEjx6mVjzVGm5U2XXT+mdqDWyQ+y0Gvb2/aa2oJJQyTAaDmRTUKiUbg==

vscode-languageserver-types@^3.15.1, vscode-languageserver-types@^3.16.0:
  version "3.16.0"
  resolved "https://registry.npmjs.org/vscode-languageserver-types/-/vscode-languageserver-types-3.16.0.tgz#ecf393fc121ec6974b2da3efb3155644c514e247"
  integrity sha512-k8luDIWJWyenLc5ToFQQMaSrqCHiLwyKPHKPQZ5zz21vM+vIVUSvsRpcbiECH4WR88K2XZqc4ScRcZ7nk/jbeA==

vscode-languageserver@^8.0.0-next.2:
  version "8.0.0-next.3"
  resolved "https://registry.npmjs.org/vscode-languageserver/-/vscode-languageserver-8.0.0-next.3.tgz#36c701a6844ec269505539e3b84a37693760a52f"
  integrity sha512-uxL/tKUa/gRdvQINVmMnK32d6LwfTPTvF7l1iZIFDuAdhGrQ+Po+4lS3w4hwQSeUmapM1WMELXNBFca/u3H5Uw==
  dependencies:
    vscode-languageserver-protocol "3.17.0-next.9"

vscode-nls@^5.0.0:
  version "5.0.0"
  resolved "https://registry.npmjs.org/vscode-nls/-/vscode-nls-5.0.0.tgz#99f0da0bd9ea7cda44e565a74c54b1f2bc257840"
  integrity sha512-u0Lw+IYlgbEJFF6/qAqG2d1jQmJl0eyAGJHoAJqr2HT4M2BNuQYSEiSE75f52pXHSJm8AlTjnLLbBFPrdz2hpA==

vscode-pug-languageservice@^0.27.24:
  version "0.27.24"
  resolved "https://registry.npmjs.org/vscode-pug-languageservice/-/vscode-pug-languageservice-0.27.24.tgz#fa805c4d3e33dee3681e660a0767136738e68370"
  integrity sha512-GSvsFB+rPhAD7cBlEKCVNNsFGIaOnp/0zyLw3WpYbXY24vJZafXu1kHvtYaaQXJRnIhqp5EI5p+EqpdI3hTBnw==
  dependencies:
    "@volar/code-gen" "^0.27.24"
    "@volar/shared" "^0.27.24"
    "@volar/source-map" "^0.27.24"
    "@volar/transforms" "^0.27.24"
    pug-lexer "^5.0.1"
    pug-parser "^6.0.0"
    vscode-languageserver "^8.0.0-next.2"

vscode-typescript-languageservice@^0.27.25:
  version "0.27.25"
  resolved "https://registry.npmjs.org/vscode-typescript-languageservice/-/vscode-typescript-languageservice-0.27.25.tgz#acd211723b600108c25515388b75d55ce15bb056"
  integrity sha512-nxpJI9MnF2rn5rKL/032Qrsq3T9DgM3slK5fwZp3suNdo90JG2zFTs3Ola8n62k7+KWu4A775obxyb4wLIW6Gw==
  dependencies:
    "@volar/shared" "^0.27.24"
    semver "^7.3.5"
    upath "^2.0.1"
    vscode-languageserver "^8.0.0-next.2"
    vscode-languageserver-textdocument "^1.0.1"

vscode-uri@^2.1.2:
  version "2.1.2"
  resolved "https://registry.npmjs.org/vscode-uri/-/vscode-uri-2.1.2.tgz#c8d40de93eb57af31f3c715dd650e2ca2c096f1c"
  integrity sha512-8TEXQxlldWAuIODdukIb+TR5s+9Ds40eSJrw+1iDDA9IFORPjMELarNQE3myz5XIkWWpdprmJjm1/SxMlWOC8A==

vscode-uri@^3.0.2:
  version "3.0.2"
  resolved "https://registry.npmjs.org/vscode-uri/-/vscode-uri-3.0.2.tgz#ecfd1d066cb8ef4c3a208decdbab9a8c23d055d0"
  integrity sha512-jkjy6pjU1fxUvI51P+gCsxg1u2n8LSt0W6KrCNQceaziKzff74GoWmjVG46KieVzybO1sttPQmYfrwSHey7GUA==

vscode-vue-languageservice@^0.27.0:
  version "0.27.30"
  resolved "https://registry.npmjs.org/vscode-vue-languageservice/-/vscode-vue-languageservice-0.27.30.tgz#1f32b0203dd233582f74a457428519a6318f039e"
  integrity sha512-nPnUNCMqqHfxcCPLyLWvmgbNCgos3SwvPcl/CzAnMbqcjLtNZppsdI7bKX3EEj0Jbg6SGLQ9NanIvZaMI1bsUA==
  dependencies:
    "@volar/code-gen" "^0.27.24"
    "@volar/html2pug" "^0.27.13"
    "@volar/shared" "^0.27.24"
    "@volar/source-map" "^0.27.24"
    "@volar/transforms" "^0.27.24"
    "@vscode/emmet-helper" "^2.7.0"
    "@vue/compiler-dom" "^3.2.19"
    "@vue/reactivity" "^3.2.19"
    "@vue/shared" "^3.2.19"
    request-light "^0.5.4"
    upath "^2.0.1"
    vscode-css-languageservice "^5.1.4"
    vscode-html-languageservice "^4.0.7"
    vscode-json-languageservice "^4.1.7"
    vscode-languageserver "^8.0.0-next.2"
    vscode-languageserver-textdocument "^1.0.1"
    vscode-pug-languageservice "^0.27.24"
    vscode-typescript-languageservice "^0.27.25"

vue-tsc@^0.3.0:
  version "0.3.0"
  resolved "https://registry.npmjs.org/vue-tsc/-/vue-tsc-0.3.0.tgz#3b3872bf4f1d2e4409b57adbd826032e253db406"
  integrity sha512-zaDRZBxwRIz1XjhNP92FqugG71st6BUMnA2EwPeXrAyzbEYVRz6TezNFceYl3QYqqN8CtaxbqUhaQEDj/ntoCA==
  dependencies:
    vscode-vue-languageservice "^0.27.0"

vue@^3.2.16:
  version "3.2.22"
  resolved "https://registry.npmjs.org/vue/-/vue-3.2.22.tgz#46e4dd89e98cc4b851ae1eb35f00ced413a34bb7"
  integrity sha512-KD5nZpXVZquOC6926Xnp3zOvswrUyO9Rya7ZUoxWFQEjFDW4iACtwzubRB4Um2Om9kj6CaJOqAVRDSFlqLpdgw==
  dependencies:
    "@vue/compiler-dom" "3.2.22"
    "@vue/compiler-sfc" "3.2.22"
    "@vue/runtime-dom" "3.2.22"
    "@vue/server-renderer" "3.2.22"
    "@vue/shared" "3.2.22"

with@^7.0.0:
  version "7.0.2"
  resolved "https://registry.npmjs.org/with/-/with-7.0.2.tgz#ccee3ad542d25538a7a7a80aad212b9828495bac"
  integrity sha512-RNGKj82nUPg3g5ygxkQl0R937xLyho1J24ItRCBTr/m1YnZkzJy1hUiHUJrc/VlsDQzsCnInEGSg3bci0Lmd4w==
  dependencies:
    "@babel/parser" "^7.9.6"
    "@babel/types" "^7.9.6"
    assert-never "^1.2.1"
    babel-walk "3.0.0-canary-5"

yallist@^4.0.0:
  version "4.0.0"
  resolved "https://registry.npmjs.org/yallist/-/yallist-4.0.0.tgz#9bb92790d9c0effec63be73519e11a35019a3a72"
  integrity sha512-3wdGidZyq5PB084XLES5TpOSRA3wjXAlIWMhum2kRcv/41Sn2emQ0dycQW4uZXLejwKvg6EsvbdlVL+FYEct7A==
